{
  "nodes": {
    "arduino-ctags": {
      "flake": false,
      "locked": {
        "lastModified": 1479894772,
        "narHash": "sha256-RKuzrGQUC0N6WHkTXB3OjuKn0E49BpGAyApIJDGamDA=",
        "owner": "arduino",
        "repo": "ctags",
        "rev": "abc8fca7499f44c725122881cd380a88c37abe0e",
        "type": "github"
      },
      "original": {
        "owner": "arduino",
        "ref": "5.8-arduino11",
        "repo": "ctags",
        "type": "github"
      }
    },
    "nixpkgs": {
      "locked": {
        "lastModified": 1789724158,
        "narHash": "sha256-nlKgrm0dsVhOSopKheVBCcOpiIticufPPVLdVOI0euA=",
        "owner": "NixOS",
        "repo": "nixpkgs",
        "rev": "0a3468a402c449992505b6a9fc5b06580141b750",
        "type": "github"
      },
      "original": {
        "owner": "NixOS",
        "ref": "nixpkgs-unstable",
        "repo": "nixpkgs",
        "type": "github"
      }
    },
    "root": {
      "inputs": {
        "arduino-ctags": "arduino-ctags",
        "nixpkgs": "nixpkgs"
      }
    }
  },
  "root": "root",
  "version": 7
}
